
Microsoft Visual Studio Solution File, Format Version 12.00
# Visual Studio Version 17
VisualStudioVersion = 17.14.36518.9 d17.14
MinimumVisualStudioVersion = 10.0.40219.1
Project("{8BC9CEB8-8B4A-11D0-8D11-00A0C91BC942}") = "POO_Uqac", "POO_Uqac.vcxproj", "{79F628C3-3D01-466F-97C0-AF78CF6A1A8B}"
EndProject
Global
	GlobalSection(SolutionConfigurationPlatforms) = preSolution
		Debug|x64 = Debug|x64
		Debug|x86 = Debug|x86
		Release|x64 = Release|x64
		Release|x86 = Release|x86
	EndGlobalSection
	GlobalSection(ProjectConfigurationPlatforms) = postSolution
		{79F628C3-3D01-466F-97C0-AF78CF6A1A8B}.Debug|x64.ActiveCfg = Debug|x64
		{79F628C3-3D01-466F-97C0-AF78CF6A1A8B}.Debug|x64.Build.0 = Debug|x64
		{79F628C3-3D01-466F-97C0-AF78CF6A1A8B}.Debug|x86.ActiveCfg = Debug|Win32
		{79F628C3-3D01-466F-97C0-AF78CF6A1A8B}.Debug|x86.Build.0 = Debug|Win32
		{79F628C3-3D01-466F-97C0-AF78CF6A1A8B}.Release|x64.ActiveCfg = Release|x64
		{79F628C3-3D01-466F-97C0-AF78CF6A1A8B}.Release|x64.Build.0 = Release|x64
		{79F628C3-3D01-466F-97C0-AF78CF6A1A8B}.Release|x86.ActiveCfg = Release|Win32
		{79F628C3-3D01-466F-97C0-AF78CF6A1A8B}.Release|x86.Build.0 = Release|Win32
	EndGlobalSection
	GlobalSection(SolutionProperties) = preSolution
		HideSolutionNode = FALSE
	EndGlobalSection
	GlobalSection(ExtensibilityGlobals) = postSolution
		SolutionGuid = {336994E8-0E88-4D4B-82C8-46D62A496FDC}
	EndGlobalSection
EndGlobal
